{
  "version": 4,
  "terraform_version": "0.12.3",
  "serial": 161,
  "lineage": "9776e9ac-53e8-5cf7-145a-c9214a1d637c",
  "outputs": {
    "alb_hostname": {
      "value": "flask-tf-load-balancer-931393807.us-east-2.elb.amazonaws.com",
      "type": "string"
    }
  },
  "resources": [
    {
      "mode": "data",
      "type": "aws_availability_zones",
      "name": "available",
      "provider": "provider.aws",
      "instances": [
        {
          "schema_version": 0,
          "attributes": {
            "blacklisted_names": null,
            "blacklisted_zone_ids": null,
            "id": "2019-07-11 19:13:43.9445733 +0000 UTC",
            "names": [
              "us-east-2a",
              "us-east-2b",
              "us-east-2c"
            ],
            "state": null,
            "zone_ids": [
              "use2-az1",
              "use2-az2",
              "use2-az3"
            ]
          }
        }
      ]
    },
    {
      "mode": "data",
      "type": "template_file",
      "name": "flask_tf_app",
      "provider": "provider.template",
      "instances": [
        {
          "schema_version": 0,
          "attributes": {
            "filename": null,
            "id": "40346d8ff6c2524e02e46356d2982570a9695651da22b6921db6d6a9f5dddcb9",
            "rendered": "[\n  {\n    \"name\": \"flask-tf-app\",\n    \"image\": \"029265948743.dkr.ecr.us-east-2.amazonaws.com/flask_web\",\n    \"cpu\": 256,\n    \"memory\": 512,\n    \"networkMode\": \"awsvpc\",\n    \"logConfiguration\": {\n        \"logDriver\": \"awslogs\",\n        \"options\": {\n          \"awslogs-group\": \"/ecs/flask-tf-app\",\n          \"awslogs-region\": \"us-east-2\",\n          \"awslogs-stream-prefix\": \"ecs\"\n        }\n    },\n    \"portMappings\": [\n      {\n        \"containerPort\": 5000,\n        \"hostPort\": 5000\n      }\n    ]\n  }\n]\n",
            "template": "[\n  {\n    \"name\": \"flask-tf-app\",\n    \"image\": \"${app_image}\",\n    \"cpu\": ${fargate_cpu},\n    \"memory\": ${fargate_memory},\n    \"networkMode\": \"awsvpc\",\n    \"logConfiguration\": {\n        \"logDriver\": \"awslogs\",\n        \"options\": {\n          \"awslogs-group\": \"/ecs/flask-tf-app\",\n          \"awslogs-region\": \"${aws_region}\",\n          \"awslogs-stream-prefix\": \"ecs\"\n        }\n    },\n    \"portMappings\": [\n      {\n        \"containerPort\": ${app_port},\n        \"hostPort\": ${app_port}\n      }\n    ]\n  }\n]\n",
            "vars": {
              "app_image": "029265948743.dkr.ecr.us-east-2.amazonaws.com/flask_web",
              "app_port": "5000",
              "aws_region": "us-east-2",
              "fargate_cpu": "256",
              "fargate_memory": "512"
            }
          }
        }
      ]
    },
    {
      "mode": "managed",
      "type": "aws_alb",
      "name": "main",
      "provider": "provider.aws",
      "instances": [
        {
          "schema_version": 0,
          "attributes": {
            "access_logs": [
              {
                "bucket": "",
                "enabled": false,
                "prefix": ""
              }
            ],
            "arn": "arn:aws:elasticloadbalancing:us-east-2:029265948743:loadbalancer/app/flask-tf-load-balancer/5d53507c4fd85cc3",
            "arn_suffix": "app/flask-tf-load-balancer/5d53507c4fd85cc3",
            "dns_name": "flask-tf-load-balancer-931393807.us-east-2.elb.amazonaws.com",
            "enable_cross_zone_load_balancing": null,
            "enable_deletion_protection": false,
            "enable_http2": true,
            "id": "arn:aws:elasticloadbalancing:us-east-2:029265948743:loadbalancer/app/flask-tf-load-balancer/5d53507c4fd85cc3",
            "idle_timeout": 60,
            "internal": false,
            "ip_address_type": "ipv4",
            "load_balancer_type": "application",
            "name": "flask-tf-load-balancer",
            "name_prefix": null,
            "security_groups": [
              "sg-0ee6bd30cfc20f7f2"
            ],
            "subnet_mapping": [
              {
                "allocation_id": "",
                "subnet_id": "subnet-0bfeb6b1ff64950d7"
              },
              {
                "allocation_id": "",
                "subnet_id": "subnet-0c8a4383c430b163e"
              }
            ],
            "subnets": [
              "subnet-0bfeb6b1ff64950d7",
              "subnet-0c8a4383c430b163e"
            ],
            "tags": null,
            "timeouts": null,
            "vpc_id": "vpc-0c317a2edab7916ed",
            "zone_id": "Z3AADJGX6KTTL2"
          },
          "private": "eyJlMmJmYjczMC1lY2FhLTExZTYtOGY4OC0zNDM2M2JjN2M0YzAiOnsiY3JlYXRlIjo2MDAwMDAwMDAwMDAsImRlbGV0ZSI6NjAwMDAwMDAwMDAwLCJ1cGRhdGUiOjYwMDAwMDAwMDAwMH19",
          "depends_on": [
            "aws_security_group.lb",
            "aws_subnet.public"
          ]
        }
      ]
    },
    {
      "mode": "managed",
      "type": "aws_alb_listener",
      "name": "front_end",
      "provider": "provider.aws",
      "instances": [
        {
          "schema_version": 0,
          "attributes": {
            "arn": "arn:aws:elasticloadbalancing:us-east-2:029265948743:listener/app/flask-tf-load-balancer/5d53507c4fd85cc3/811170ae3e5cf840",
            "certificate_arn": null,
            "default_action": [
              {
                "authenticate_cognito": [],
                "authenticate_oidc": [],
                "fixed_response": [],
                "order": 1,
                "redirect": [],
                "target_group_arn": "arn:aws:elasticloadbalancing:us-east-2:029265948743:targetgroup/flask-tf-target-group/fe0a9e6636ec46df",
                "type": "forward"
              }
            ],
            "id": "arn:aws:elasticloadbalancing:us-east-2:029265948743:listener/app/flask-tf-load-balancer/5d53507c4fd85cc3/811170ae3e5cf840",
            "load_balancer_arn": "arn:aws:elasticloadbalancing:us-east-2:029265948743:loadbalancer/app/flask-tf-load-balancer/5d53507c4fd85cc3",
            "port": 5000,
            "protocol": "HTTP",
            "ssl_policy": "",
            "timeouts": null
          },
          "private": "eyJlMmJmYjczMC1lY2FhLTExZTYtOGY4OC0zNDM2M2JjN2M0YzAiOnsicmVhZCI6NjAwMDAwMDAwMDAwfX0=",
          "depends_on": [
            "aws_alb.main",
            "aws_alb_target_group.app"
          ]
        }
      ]
    },
    {
      "mode": "managed",
      "type": "aws_alb_target_group",
      "name": "app",
      "provider": "provider.aws",
      "instances": [
        {
          "schema_version": 0,
          "attributes": {
            "arn": "arn:aws:elasticloadbalancing:us-east-2:029265948743:targetgroup/flask-tf-target-group/fe0a9e6636ec46df",
            "arn_suffix": "targetgroup/flask-tf-target-group/fe0a9e6636ec46df",
            "deregistration_delay": 300,
            "health_check": [
              {
                "enabled": true,
                "healthy_threshold": 3,
                "interval": 30,
                "matcher": "200",
                "path": "/",
                "port": "traffic-port",
                "protocol": "HTTP",
                "timeout": 3,
                "unhealthy_threshold": 2
              }
            ],
            "id": "arn:aws:elasticloadbalancing:us-east-2:029265948743:targetgroup/flask-tf-target-group/fe0a9e6636ec46df",
            "lambda_multi_value_headers_enabled": false,
            "name": "flask-tf-target-group",
            "name_prefix": null,
            "port": 5000,
            "protocol": "HTTP",
            "proxy_protocol_v2": false,
            "slow_start": 0,
            "stickiness": [
              {
                "cookie_duration": 86400,
                "enabled": false,
                "type": "lb_cookie"
              }
            ],
            "tags": null,
            "target_type": "ip",
            "vpc_id": "vpc-0c317a2edab7916ed"
          },
          "private": "bnVsbA==",
          "depends_on": [
            "aws_vpc.main"
          ]
        }
      ]
    },
    {
      "mode": "managed",
      "type": "aws_appautoscaling_policy",
      "name": "down",
      "provider": "provider.aws",
      "instances": [
        {
          "schema_version": 0,
          "attributes": {
            "adjustment_type": null,
            "alarms": null,
            "arn": "arn:aws:autoscaling:us-east-2:029265948743:scalingPolicy:bcf1b484-cd60-449e-9f37-77d361fc1cc2:resource/ecs/service/flask-tf-cluster/flask-tf-service:policyName/flask_tf_scale_down",
            "cooldown": null,
            "id": "flask_tf_scale_down",
            "metric_aggregation_type": null,
            "min_adjustment_magnitude": null,
            "name": "flask_tf_scale_down",
            "policy_type": "StepScaling",
            "resource_id": "service/flask-tf-cluster/flask-tf-service",
            "scalable_dimension": "ecs:service:DesiredCount",
            "service_namespace": "ecs",
            "step_adjustment": [],
            "step_scaling_policy_configuration": [
              {
                "adjustment_type": "ChangeInCapacity",
                "cooldown": 60,
                "metric_aggregation_type": "Maximum",
                "min_adjustment_magnitude": 0,
                "step_adjustment": [
                  {
                    "metric_interval_lower_bound": "0",
                    "metric_interval_upper_bound": "",
                    "scaling_adjustment": -1
                  }
                ]
              }
            ],
            "target_tracking_scaling_policy_configuration": []
          },
          "private": "bnVsbA==",
          "depends_on": [
            "aws_appautoscaling_target.target",
            "aws_ecs_cluster.main",
            "aws_ecs_service.main"
          ]
        }
      ]
    },
    {
      "mode": "managed",
      "type": "aws_appautoscaling_policy",
      "name": "up",
      "provider": "provider.aws",
      "instances": [
        {
          "schema_version": 0,
          "attributes": {
            "adjustment_type": null,
            "alarms": null,
            "arn": "arn:aws:autoscaling:us-east-2:029265948743:scalingPolicy:bcf1b484-cd60-449e-9f37-77d361fc1cc2:resource/ecs/service/flask-tf-cluster/flask-tf-service:policyName/flask_tf_scale_up",
            "cooldown": null,
            "id": "flask_tf_scale_up",
            "metric_aggregation_type": null,
            "min_adjustment_magnitude": null,
            "name": "flask_tf_scale_up",
            "policy_type": "StepScaling",
            "resource_id": "service/flask-tf-cluster/flask-tf-service",
            "scalable_dimension": "ecs:service:DesiredCount",
            "service_namespace": "ecs",
            "step_adjustment": [],
            "step_scaling_policy_configuration": [
              {
                "adjustment_type": "ChangeInCapacity",
                "cooldown": 60,
                "metric_aggregation_type": "Maximum",
                "min_adjustment_magnitude": 0,
                "step_adjustment": [
                  {
                    "metric_interval_lower_bound": "0",
                    "metric_interval_upper_bound": "",
                    "scaling_adjustment": 1
                  }
                ]
              }
            ],
            "target_tracking_scaling_policy_configuration": []
          },
          "private": "bnVsbA==",
          "depends_on": [
            "aws_appautoscaling_target.target",
            "aws_ecs_cluster.main",
            "aws_ecs_service.main"
          ]
        }
      ]
    },
    {
      "mode": "managed",
      "type": "aws_appautoscaling_target",
      "name": "target",
      "provider": "provider.aws",
      "instances": [
        {
          "schema_version": 0,
          "attributes": {
            "id": "service/flask-tf-cluster/flask-tf-service",
            "max_capacity": 6,
            "min_capacity": 3,
            "resource_id": "service/flask-tf-cluster/flask-tf-service",
            "role_arn": "arn:aws:iam::029265948743:role/aws-service-role/ecs.application-autoscaling.amazonaws.com/AWSServiceRoleForApplicationAutoScaling_ECSService",
            "scalable_dimension": "ecs:service:DesiredCount",
            "service_namespace": "ecs"
          },
          "private": "bnVsbA==",
          "depends_on": [
            "aws_ecs_cluster.main",
            "aws_ecs_service.main"
          ]
        }
      ]
    },
    {
      "mode": "managed",
      "type": "aws_cloudwatch_log_group",
      "name": "flask_tf_log_group",
      "provider": "provider.aws",
      "instances": [
        {
          "schema_version": 0,
          "attributes": {
            "arn": "arn:aws:logs:us-east-2:029265948743:log-group:/ecs/flask-tf-app:*",
            "id": "/ecs/flask-tf-app",
            "kms_key_id": "",
            "name": "/ecs/flask-tf-app",
            "name_prefix": null,
            "retention_in_days": 30,
            "tags": {
              "Name": "flask-tf-log-group"
            }
          },
          "private": "bnVsbA=="
        }
      ]
    },
    {
      "mode": "managed",
      "type": "aws_cloudwatch_log_stream",
      "name": "flask_tf_log_stream",
      "provider": "provider.aws",
      "instances": [
        {
          "schema_version": 0,
          "attributes": {
            "arn": "arn:aws:logs:us-east-2:029265948743:log-group:/ecs/flask-tf-app:log-stream:flask-tf-log-stream",
            "id": "flask-tf-log-stream",
            "log_group_name": "/ecs/flask-tf-app",
            "name": "flask-tf-log-stream"
          },
          "private": "bnVsbA==",
          "depends_on": [
            "aws_cloudwatch_log_group.flask_tf_log_group"
          ]
        }
      ]
    },
    {
      "mode": "managed",
      "type": "aws_cloudwatch_metric_alarm",
      "name": "service_cpu_high",
      "provider": "provider.aws",
      "instances": [
        {
          "schema_version": 1,
          "attributes": {
            "actions_enabled": true,
            "alarm_actions": [
              "arn:aws:autoscaling:us-east-2:029265948743:scalingPolicy:bcf1b484-cd60-449e-9f37-77d361fc1cc2:resource/ecs/service/flask-tf-cluster/flask-tf-service:policyName/flask_tf_scale_up"
            ],
            "alarm_description": "",
            "alarm_name": "flask_tf_cpu_utilization_high",
            "arn": "arn:aws:cloudwatch:us-east-2:029265948743:alarm:flask_tf_cpu_utilization_high",
            "comparison_operator": "GreaterThanOrEqualToThreshold",
            "datapoints_to_alarm": 0,
            "dimensions": {
              "ClusterName": "flask-tf-cluster",
              "ServiceName": "flask-tf-service"
            },
            "evaluate_low_sample_count_percentiles": "",
            "evaluation_periods": 2,
            "extended_statistic": "",
            "id": "flask_tf_cpu_utilization_high",
            "insufficient_data_actions": null,
            "metric_name": "CPUUtilization",
            "metric_query": [],
            "namespace": "AWS/ECS",
            "ok_actions": null,
            "period": 60,
            "statistic": "Average",
            "tags": null,
            "threshold": 85,
            "treat_missing_data": "missing",
            "unit": ""
          },
          "private": "eyJzY2hlbWFfdmVyc2lvbiI6IjEifQ==",
          "depends_on": [
            "aws_appautoscaling_policy.up",
            "aws_ecs_cluster.main",
            "aws_ecs_service.main"
          ]
        }
      ]
    },
    {
      "mode": "managed",
      "type": "aws_cloudwatch_metric_alarm",
      "name": "service_cpu_low",
      "provider": "provider.aws",
      "instances": [
        {
          "schema_version": 1,
          "attributes": {
            "actions_enabled": true,
            "alarm_actions": [
              "arn:aws:autoscaling:us-east-2:029265948743:scalingPolicy:bcf1b484-cd60-449e-9f37-77d361fc1cc2:resource/ecs/service/flask-tf-cluster/flask-tf-service:policyName/flask_tf_scale_down"
            ],
            "alarm_description": "",
            "alarm_name": "flask_tf_cpu_utilization_low",
            "arn": "arn:aws:cloudwatch:us-east-2:029265948743:alarm:flask_tf_cpu_utilization_low",
            "comparison_operator": "LessThanOrEqualToThreshold",
            "datapoints_to_alarm": 0,
            "dimensions": {
              "ClusterName": "flask-tf-cluster",
              "ServiceName": "flask-tf-service"
            },
            "evaluate_low_sample_count_percentiles": "",
            "evaluation_periods": 2,
            "extended_statistic": "",
            "id": "flask_tf_cpu_utilization_low",
            "insufficient_data_actions": null,
            "metric_name": "CPUUtilization",
            "metric_query": [],
            "namespace": "AWS/ECS",
            "ok_actions": null,
            "period": 60,
            "statistic": "Average",
            "tags": null,
            "threshold": 10,
            "treat_missing_data": "missing",
            "unit": ""
          },
          "private": "eyJzY2hlbWFfdmVyc2lvbiI6IjEifQ==",
          "depends_on": [
            "aws_appautoscaling_policy.down",
            "aws_ecs_cluster.main",
            "aws_ecs_service.main"
          ]
        }
      ]
    },
    {
      "mode": "managed",
      "type": "aws_ecs_cluster",
      "name": "main",
      "provider": "provider.aws",
      "instances": [
        {
          "schema_version": 0,
          "attributes": {
            "arn": "arn:aws:ecs:us-east-2:029265948743:cluster/flask-tf-cluster",
            "id": "arn:aws:ecs:us-east-2:029265948743:cluster/flask-tf-cluster",
            "name": "flask-tf-cluster",
            "tags": null
          },
          "private": "bnVsbA=="
        }
      ]
    },
    {
      "mode": "managed",
      "type": "aws_ecs_service",
      "name": "main",
      "provider": "provider.aws",
      "instances": [
        {
          "schema_version": 0,
          "attributes": {
            "cluster": "arn:aws:ecs:us-east-2:029265948743:cluster/flask-tf-cluster",
            "deployment_controller": [
              {
                "type": "ECS"
              }
            ],
            "deployment_maximum_percent": 200,
            "deployment_minimum_healthy_percent": 100,
            "desired_count": 3,
            "enable_ecs_managed_tags": false,
            "health_check_grace_period_seconds": 0,
            "iam_role": "aws-service-role",
            "id": "arn:aws:ecs:us-east-2:029265948743:service/flask-tf-cluster/flask-tf-service",
            "launch_type": "FARGATE",
            "load_balancer": [
              {
                "container_name": "flask-tf-app",
                "container_port": 5000,
                "elb_name": "",
                "target_group_arn": "arn:aws:elasticloadbalancing:us-east-2:029265948743:targetgroup/flask-tf-target-group/fe0a9e6636ec46df"
              }
            ],
            "name": "flask-tf-service",
            "network_configuration": [
              {
                "assign_public_ip": true,
                "security_groups": [
                  "sg-0dc0415774f447144"
                ],
                "subnets": [
                  "subnet-01482aa236004c276",
                  "subnet-0e02dd201e10fae6a"
                ]
              }
            ],
            "ordered_placement_strategy": [],
            "placement_constraints": [],
            "placement_strategy": [],
            "platform_version": "LATEST",
            "propagate_tags": "NONE",
            "scheduling_strategy": "REPLICA",
            "service_registries": [],
            "tags": null,
            "task_definition": "arn:aws:ecs:us-east-2:029265948743:task-definition/flask-tf-app-task:3"
          },
          "private": "bnVsbA==",
          "depends_on": [
            "aws_alb_listener.front_end",
            "aws_alb_target_group.app",
            "aws_ecs_cluster.main",
            "aws_ecs_task_definition.app",
            "aws_security_group.ecs_tasks",
            "aws_subnet.private"
          ]
        }
      ]
    },
    {
      "mode": "managed",
      "type": "aws_ecs_task_definition",
      "name": "app",
      "provider": "provider.aws",
      "instances": [
        {
          "schema_version": 1,
          "attributes": {
            "arn": "arn:aws:ecs:us-east-2:029265948743:task-definition/flask-tf-app-task:3",
            "container_definitions": "[{\"cpu\":256,\"environment\":[],\"essential\":true,\"image\":\"029265948743.dkr.ecr.us-east-2.amazonaws.com/flask_web\",\"logConfiguration\":{\"logDriver\":\"awslogs\",\"options\":{\"awslogs-group\":\"/ecs/flask-tf-app\",\"awslogs-region\":\"us-east-2\",\"awslogs-stream-prefix\":\"ecs\"}},\"memory\":512,\"mountPoints\":[],\"name\":\"flask-tf-app\",\"portMappings\":[{\"containerPort\":5000,\"hostPort\":5000,\"protocol\":\"tcp\"}],\"volumesFrom\":[]}]",
            "cpu": "256",
            "execution_role_arn": "arn:aws:iam::029265948743:role/ecsTaskExecutionRole",
            "family": "flask-tf-app-task",
            "id": "flask-tf-app-task",
            "ipc_mode": null,
            "memory": "512",
            "network_mode": "awsvpc",
            "pid_mode": null,
            "placement_constraints": [],
            "proxy_configuration": [],
            "requires_compatibilities": [
              "FARGATE"
            ],
            "revision": 3,
            "tags": null,
            "task_role_arn": "",
            "volume": []
          },
          "private": "eyJzY2hlbWFfdmVyc2lvbiI6IjEifQ==",
          "depends_on": [
            "data.template_file.flask_tf_app"
          ]
        }
      ]
    },
    {
      "mode": "managed",
      "type": "aws_eip",
      "name": "gw",
      "each": "list",
      "provider": "provider.aws",
      "instances": [
        {
          "index_key": 0,
          "schema_version": 0,
          "attributes": {
            "allocation_id": null,
            "associate_with_private_ip": null,
            "association_id": "",
            "domain": "vpc",
            "id": "eipalloc-01ee8478494eefbb8",
            "instance": "",
            "network_interface": "",
            "private_dns": null,
            "private_ip": "",
            "public_dns": "ec2-13-59-247-204.us-east-2.compute.amazonaws.com",
            "public_ip": "13.59.247.204",
            "public_ipv4_pool": "amazon",
            "tags": null,
            "timeouts": null,
            "vpc": true
          },
          "private": "eyJlMmJmYjczMC1lY2FhLTExZTYtOGY4OC0zNDM2M2JjN2M0YzAiOnsiZGVsZXRlIjoxODAwMDAwMDAwMDAsInJlYWQiOjkwMDAwMDAwMDAwMCwidXBkYXRlIjozMDAwMDAwMDAwMDB9fQ==",
          "depends_on": [
            "aws_internet_gateway.gw"
          ]
        },
        {
          "index_key": 1,
          "schema_version": 0,
          "attributes": {
            "allocation_id": null,
            "associate_with_private_ip": null,
            "association_id": "",
            "domain": "vpc",
            "id": "eipalloc-04db286f0fdd30481",
            "instance": "",
            "network_interface": "",
            "private_dns": null,
            "private_ip": "",
            "public_dns": "ec2-52-14-107-157.us-east-2.compute.amazonaws.com",
            "public_ip": "52.14.107.157",
            "public_ipv4_pool": "amazon",
            "tags": null,
            "timeouts": null,
            "vpc": true
          },
          "private": "eyJlMmJmYjczMC1lY2FhLTExZTYtOGY4OC0zNDM2M2JjN2M0YzAiOnsiZGVsZXRlIjoxODAwMDAwMDAwMDAsInJlYWQiOjkwMDAwMDAwMDAwMCwidXBkYXRlIjozMDAwMDAwMDAwMDB9fQ==",
          "depends_on": [
            "aws_internet_gateway.gw"
          ]
        }
      ]
    },
    {
      "mode": "managed",
      "type": "aws_internet_gateway",
      "name": "gw",
      "provider": "provider.aws",
      "instances": [
        {
          "schema_version": 0,
          "attributes": {
            "id": "igw-0c95de9febe995da8",
            "owner_id": "029265948743",
            "tags": null,
            "vpc_id": "vpc-0c317a2edab7916ed"
          },
          "private": "bnVsbA==",
          "depends_on": [
            "aws_vpc.main"
          ]
        }
      ]
    },
    {
      "mode": "managed",
      "type": "aws_nat_gateway",
      "name": "gw",
      "each": "list",
      "provider": "provider.aws",
      "instances": [
        {
          "index_key": 0,
          "schema_version": 0,
          "attributes": {
            "allocation_id": "eipalloc-01ee8478494eefbb8",
            "id": "nat-0658e3aa5cc39d64c",
            "network_interface_id": "eni-0b32e6ba612a3cc0a",
            "private_ip": "172.17.2.115",
            "public_ip": "13.59.247.204",
            "subnet_id": "subnet-0c8a4383c430b163e",
            "tags": null
          },
          "private": "bnVsbA==",
          "depends_on": [
            "aws_eip.gw",
            "aws_subnet.public"
          ]
        },
        {
          "index_key": 1,
          "schema_version": 0,
          "attributes": {
            "allocation_id": "eipalloc-04db286f0fdd30481",
            "id": "nat-015f2b4e62e0950ff",
            "network_interface_id": "eni-081de526a7efeb915",
            "private_ip": "172.17.3.83",
            "public_ip": "52.14.107.157",
            "subnet_id": "subnet-0bfeb6b1ff64950d7",
            "tags": null
          },
          "private": "bnVsbA==",
          "depends_on": [
            "aws_eip.gw",
            "aws_subnet.public"
          ]
        }
      ]
    },
    {
      "mode": "managed",
      "type": "aws_route",
      "name": "internet_access",
      "provider": "provider.aws",
      "instances": [
        {
          "schema_version": 0,
          "attributes": {
            "destination_cidr_block": "0.0.0.0/0",
            "destination_ipv6_cidr_block": null,
            "destination_prefix_list_id": "",
            "egress_only_gateway_id": "",
            "gateway_id": "igw-0c95de9febe995da8",
            "id": "r-rtb-08962d575f31afcb71080289494",
            "instance_id": "",
            "instance_owner_id": "",
            "nat_gateway_id": "",
            "network_interface_id": "",
            "origin": "CreateRoute",
            "route_table_id": "rtb-08962d575f31afcb7",
            "state": "active",
            "timeouts": null,
            "transit_gateway_id": "",
            "vpc_peering_connection_id": ""
          },
          "private": "eyJlMmJmYjczMC1lY2FhLTExZTYtOGY4OC0zNDM2M2JjN2M0YzAiOnsiY3JlYXRlIjoxMjAwMDAwMDAwMDAsImRlbGV0ZSI6MzAwMDAwMDAwMDAwfX0=",
          "depends_on": [
            "aws_internet_gateway.gw",
            "aws_vpc.main"
          ]
        }
      ]
    },
    {
      "mode": "managed",
      "type": "aws_route_table",
      "name": "private",
      "each": "list",
      "provider": "provider.aws",
      "instances": [
        {
          "index_key": 0,
          "schema_version": 0,
          "attributes": {
            "id": "rtb-05da665363b52d994",
            "owner_id": "029265948743",
            "propagating_vgws": [],
            "route": [
              {
                "cidr_block": "0.0.0.0/0",
                "egress_only_gateway_id": "",
                "gateway_id": "",
                "instance_id": "",
                "ipv6_cidr_block": "",
                "nat_gateway_id": "nat-0658e3aa5cc39d64c",
                "network_interface_id": "",
                "transit_gateway_id": "",
                "vpc_peering_connection_id": ""
              }
            ],
            "tags": null,
            "vpc_id": "vpc-0c317a2edab7916ed"
          },
          "private": "bnVsbA==",
          "depends_on": [
            "aws_nat_gateway.gw",
            "aws_vpc.main"
          ]
        },
        {
          "index_key": 1,
          "schema_version": 0,
          "attributes": {
            "id": "rtb-085b08f94a776e4e1",
            "owner_id": "029265948743",
            "propagating_vgws": [],
            "route": [
              {
                "cidr_block": "0.0.0.0/0",
                "egress_only_gateway_id": "",
                "gateway_id": "",
                "instance_id": "",
                "ipv6_cidr_block": "",
                "nat_gateway_id": "nat-015f2b4e62e0950ff",
                "network_interface_id": "",
                "transit_gateway_id": "",
                "vpc_peering_connection_id": ""
              }
            ],
            "tags": null,
            "vpc_id": "vpc-0c317a2edab7916ed"
          },
          "private": "bnVsbA==",
          "depends_on": [
            "aws_nat_gateway.gw",
            "aws_vpc.main"
          ]
        }
      ]
    },
    {
      "mode": "managed",
      "type": "aws_route_table_association",
      "name": "private",
      "each": "list",
      "provider": "provider.aws",
      "instances": [
        {
          "index_key": 0,
          "schema_version": 0,
          "attributes": {
            "id": "rtbassoc-0224519096fed1f58",
            "route_table_id": "rtb-05da665363b52d994",
            "subnet_id": "subnet-0e02dd201e10fae6a"
          },
          "private": "bnVsbA==",
          "depends_on": [
            "aws_route_table.private",
            "aws_subnet.private"
          ]
        },
        {
          "index_key": 1,
          "schema_version": 0,
          "attributes": {
            "id": "rtbassoc-039b21387a10e7673",
            "route_table_id": "rtb-085b08f94a776e4e1",
            "subnet_id": "subnet-01482aa236004c276"
          },
          "private": "bnVsbA==",
          "depends_on": [
            "aws_route_table.private",
            "aws_subnet.private"
          ]
        }
      ]
    },
    {
      "mode": "managed",
      "type": "aws_security_group",
      "name": "ecs_tasks",
      "provider": "provider.aws",
      "instances": [
        {
          "schema_version": 1,
          "attributes": {
            "arn": "arn:aws:ec2:us-east-2:029265948743:security-group/sg-0dc0415774f447144",
            "description": "allow inbound access from the ALB only",
            "egress": [
              {
                "cidr_blocks": [
                  "0.0.0.0/0"
                ],
                "description": "",
                "from_port": 0,
                "ipv6_cidr_blocks": [],
                "prefix_list_ids": [],
                "protocol": "-1",
                "security_groups": [],
                "self": false,
                "to_port": 0
              }
            ],
            "id": "sg-0dc0415774f447144",
            "ingress": [
              {
                "cidr_blocks": [],
                "description": "",
                "from_port": 5000,
                "ipv6_cidr_blocks": [],
                "prefix_list_ids": [],
                "protocol": "tcp",
                "security_groups": [
                  "sg-0ee6bd30cfc20f7f2"
                ],
                "self": false,
                "to_port": 5000
              }
            ],
            "name": "flask-tf-ecs-tasks-security-group",
            "name_prefix": null,
            "owner_id": "029265948743",
            "revoke_rules_on_delete": false,
            "tags": null,
            "timeouts": null,
            "vpc_id": "vpc-0c317a2edab7916ed"
          },
          "private": "eyJlMmJmYjczMC1lY2FhLTExZTYtOGY4OC0zNDM2M2JjN2M0YzAiOnsiY3JlYXRlIjo2MDAwMDAwMDAwMDAsImRlbGV0ZSI6NjAwMDAwMDAwMDAwfSwic2NoZW1hX3ZlcnNpb24iOiIxIn0=",
          "depends_on": [
            "aws_security_group.lb",
            "aws_vpc.main"
          ]
        }
      ]
    },
    {
      "mode": "managed",
      "type": "aws_security_group",
      "name": "lb",
      "provider": "provider.aws",
      "instances": [
        {
          "schema_version": 1,
          "attributes": {
            "arn": "arn:aws:ec2:us-east-2:029265948743:security-group/sg-0ee6bd30cfc20f7f2",
            "description": "controls access to the ALB",
            "egress": [
              {
                "cidr_blocks": [
                  "0.0.0.0/0"
                ],
                "description": "",
                "from_port": 0,
                "ipv6_cidr_blocks": [],
                "prefix_list_ids": [],
                "protocol": "-1",
                "security_groups": [],
                "self": false,
                "to_port": 0
              }
            ],
            "id": "sg-0ee6bd30cfc20f7f2",
            "ingress": [
              {
                "cidr_blocks": [
                  "0.0.0.0/0"
                ],
                "description": "",
                "from_port": 5000,
                "ipv6_cidr_blocks": [],
                "prefix_list_ids": [],
                "protocol": "tcp",
                "security_groups": [],
                "self": false,
                "to_port": 5000
              }
            ],
            "name": "flask-tf-load-balancer-security-group",
            "name_prefix": null,
            "owner_id": "029265948743",
            "revoke_rules_on_delete": false,
            "tags": null,
            "timeouts": null,
            "vpc_id": "vpc-0c317a2edab7916ed"
          },
          "private": "eyJlMmJmYjczMC1lY2FhLTExZTYtOGY4OC0zNDM2M2JjN2M0YzAiOnsiY3JlYXRlIjo2MDAwMDAwMDAwMDAsImRlbGV0ZSI6NjAwMDAwMDAwMDAwfSwic2NoZW1hX3ZlcnNpb24iOiIxIn0=",
          "depends_on": [
            "aws_vpc.main"
          ]
        }
      ]
    },
    {
      "mode": "managed",
      "type": "aws_subnet",
      "name": "private",
      "each": "list",
      "provider": "provider.aws",
      "instances": [
        {
          "index_key": 0,
          "schema_version": 1,
          "attributes": {
            "arn": "arn:aws:ec2:us-east-2:029265948743:subnet/subnet-0e02dd201e10fae6a",
            "assign_ipv6_address_on_creation": false,
            "availability_zone": "us-east-2a",
            "availability_zone_id": "use2-az1",
            "cidr_block": "172.17.0.0/24",
            "id": "subnet-0e02dd201e10fae6a",
            "ipv6_cidr_block": "",
            "ipv6_cidr_block_association_id": "",
            "map_public_ip_on_launch": false,
            "owner_id": "029265948743",
            "tags": null,
            "timeouts": null,
            "vpc_id": "vpc-0c317a2edab7916ed"
          },
          "private": "eyJlMmJmYjczMC1lY2FhLTExZTYtOGY4OC0zNDM2M2JjN2M0YzAiOnsiY3JlYXRlIjo2MDAwMDAwMDAwMDAsImRlbGV0ZSI6MTIwMDAwMDAwMDAwMH0sInNjaGVtYV92ZXJzaW9uIjoiMSJ9",
          "depends_on": [
            "aws_vpc.main",
            "data.aws_availability_zones.available"
          ]
        },
        {
          "index_key": 1,
          "schema_version": 1,
          "attributes": {
            "arn": "arn:aws:ec2:us-east-2:029265948743:subnet/subnet-01482aa236004c276",
            "assign_ipv6_address_on_creation": false,
            "availability_zone": "us-east-2b",
            "availability_zone_id": "use2-az2",
            "cidr_block": "172.17.1.0/24",
            "id": "subnet-01482aa236004c276",
            "ipv6_cidr_block": "",
            "ipv6_cidr_block_association_id": "",
            "map_public_ip_on_launch": false,
            "owner_id": "029265948743",
            "tags": null,
            "timeouts": null,
            "vpc_id": "vpc-0c317a2edab7916ed"
          },
          "private": "eyJlMmJmYjczMC1lY2FhLTExZTYtOGY4OC0zNDM2M2JjN2M0YzAiOnsiY3JlYXRlIjo2MDAwMDAwMDAwMDAsImRlbGV0ZSI6MTIwMDAwMDAwMDAwMH0sInNjaGVtYV92ZXJzaW9uIjoiMSJ9",
          "depends_on": [
            "aws_vpc.main",
            "data.aws_availability_zones.available"
          ]
        }
      ]
    },
    {
      "mode": "managed",
      "type": "aws_subnet",
      "name": "public",
      "each": "list",
      "provider": "provider.aws",
      "instances": [
        {
          "index_key": 0,
          "schema_version": 1,
          "attributes": {
            "arn": "arn:aws:ec2:us-east-2:029265948743:subnet/subnet-0c8a4383c430b163e",
            "assign_ipv6_address_on_creation": false,
            "availability_zone": "us-east-2a",
            "availability_zone_id": "use2-az1",
            "cidr_block": "172.17.2.0/24",
            "id": "subnet-0c8a4383c430b163e",
            "ipv6_cidr_block": "",
            "ipv6_cidr_block_association_id": "",
            "map_public_ip_on_launch": true,
            "owner_id": "029265948743",
            "tags": null,
            "timeouts": null,
            "vpc_id": "vpc-0c317a2edab7916ed"
          },
          "private": "eyJlMmJmYjczMC1lY2FhLTExZTYtOGY4OC0zNDM2M2JjN2M0YzAiOnsiY3JlYXRlIjo2MDAwMDAwMDAwMDAsImRlbGV0ZSI6MTIwMDAwMDAwMDAwMH0sInNjaGVtYV92ZXJzaW9uIjoiMSJ9",
          "depends_on": [
            "aws_vpc.main",
            "data.aws_availability_zones.available"
          ]
        },
        {
          "index_key": 1,
          "schema_version": 1,
          "attributes": {
            "arn": "arn:aws:ec2:us-east-2:029265948743:subnet/subnet-0bfeb6b1ff64950d7",
            "assign_ipv6_address_on_creation": false,
            "availability_zone": "us-east-2b",
            "availability_zone_id": "use2-az2",
            "cidr_block": "172.17.3.0/24",
            "id": "subnet-0bfeb6b1ff64950d7",
            "ipv6_cidr_block": "",
            "ipv6_cidr_block_association_id": "",
            "map_public_ip_on_launch": true,
            "owner_id": "029265948743",
            "tags": null,
            "timeouts": null,
            "vpc_id": "vpc-0c317a2edab7916ed"
          },
          "private": "eyJlMmJmYjczMC1lY2FhLTExZTYtOGY4OC0zNDM2M2JjN2M0YzAiOnsiY3JlYXRlIjo2MDAwMDAwMDAwMDAsImRlbGV0ZSI6MTIwMDAwMDAwMDAwMH0sInNjaGVtYV92ZXJzaW9uIjoiMSJ9",
          "depends_on": [
            "aws_vpc.main",
            "data.aws_availability_zones.available"
          ]
        }
      ]
    },
    {
      "mode": "managed",
      "type": "aws_vpc",
      "name": "main",
      "provider": "provider.aws",
      "instances": [
        {
          "schema_version": 1,
          "attributes": {
            "arn": "arn:aws:ec2:us-east-2:029265948743:vpc/vpc-0c317a2edab7916ed",
            "assign_generated_ipv6_cidr_block": false,
            "cidr_block": "172.17.0.0/16",
            "default_network_acl_id": "acl-0fab82a085719794c",
            "default_route_table_id": "rtb-08962d575f31afcb7",
            "default_security_group_id": "sg-05099ba9c02e981a3",
            "dhcp_options_id": "dopt-e235ce89",
            "enable_classiclink": null,
            "enable_classiclink_dns_support": null,
            "enable_dns_hostnames": false,
            "enable_dns_support": true,
            "id": "vpc-0c317a2edab7916ed",
            "instance_tenancy": "default",
            "ipv6_association_id": "",
            "ipv6_cidr_block": "",
            "main_route_table_id": "rtb-08962d575f31afcb7",
            "owner_id": "029265948743",
            "tags": null
          },
          "private": "eyJzY2hlbWFfdmVyc2lvbiI6IjEifQ=="
        }
      ]
    }
  ]
}
